
Microsoft Visual Studio Solution File, Format Version 12.00
# Visual Studio Version 16
VisualStudioVersion = 16.0.30002.166
MinimumVisualStudioVersion = 10.0.40219.1
Project("{9A19103F-16F7-4668-BE54-9A1E7A4F7556}") = "BUYERDBENTITY", "BUYERDBENTITY.csproj", "{1676B0F4-AF8A-4EAE-9DF8-5D52E9ABFB95}"
EndProject
Project("{9A19103F-16F7-4668-BE54-9A1E7A4F7556}") = "BuyerService", "..\BuyerService\BuyerService\BuyerService.csproj", "{A6410A74-1E26-4247-AE2F-AAEE82DB465B}"
EndProject
Project("{9A19103F-16F7-4668-BE54-9A1E7A4F7556}") = "BuyerServiceTesting", "..\BuyerServiceTesting\BuyerServiceTesting.csproj", "{D9EB0298-DE47-4C12-AABA-BEF6A4CEFBFA}"
EndProject
Global
	GlobalSection(SolutionConfigurationPlatforms) = preSolution
		Debug|Any CPU = Debug|Any CPU
		Release|Any CPU = Release|Any CPU
	EndGlobalSection
	GlobalSection(ProjectConfigurationPlatforms) = postSolution
		{1676B0F4-AF8A-4EAE-9DF8-5D52E9ABFB95}.Debug|Any CPU.ActiveCfg = Debug|Any CPU
		{1676B0F4-AF8A-4EAE-9DF8-5D52E9ABFB95}.Debug|Any CPU.Build.0 = Debug|Any CPU
		{1676B0F4-AF8A-4EAE-9DF8-5D52E9ABFB95}.Release|Any CPU.ActiveCfg = Release|Any CPU
		{1676B0F4-AF8A-4EAE-9DF8-5D52E9ABFB95}.Release|Any CPU.Build.0 = Release|Any CPU
		{A6410A74-1E26-4247-AE2F-AAEE82DB465B}.Debug|Any CPU.ActiveCfg = Debug|Any CPU
		{A6410A74-1E26-4247-AE2F-AAEE82DB465B}.Debug|Any CPU.Build.0 = Debug|Any CPU
		{A6410A74-1E26-4247-AE2F-AAEE82DB465B}.Release|Any CPU.ActiveCfg = Release|Any CPU
		{A6410A74-1E26-4247-AE2F-AAEE82DB465B}.Release|Any CPU.Build.0 = Release|Any CPU
		{D9EB0298-DE47-4C12-AABA-BEF6A4CEFBFA}.Debug|Any CPU.ActiveCfg = Debug|Any CPU
		{D9EB0298-DE47-4C12-AABA-BEF6A4CEFBFA}.Debug|Any CPU.Build.0 = Debug|Any CPU
		{D9EB0298-DE47-4C12-AABA-BEF6A4CEFBFA}.Release|Any CPU.ActiveCfg = Release|Any CPU
		{D9EB0298-DE47-4C12-AABA-BEF6A4CEFBFA}.Release|Any CPU.Build.0 = Release|Any CPU
	EndGlobalSection
	GlobalSection(SolutionProperties) = preSolution
		HideSolutionNode = FALSE
	EndGlobalSection
	GlobalSection(ExtensibilityGlobals) = postSolution
		SolutionGuid = {B0DE60D8-846D-4222-BCEF-F6D282D9F3C7}
	EndGlobalSection
EndGlobal
